// !$*UTF8*$!
{
	archiveVersion = 1;
	classes = {
	};
	objectVersion = 50;
	objects = {

/* Begin PBXBuildFile section */
		AB1B4FED251D5DCD00BCFC56 /* NewTimezone.storyboard in Resources */ = {isa = PBXBuildFile; fileRef = AB1B4FEC251D5DCD00BCFC56 /* NewTimezone.storyboard */; };
		AB2F42C0251DF92F00AF660B /* BaseTableViewController.swift in Sources */ = {isa = PBXBuildFile; fileRef = AB2F42BF251DF92F00AF660B /* BaseTableViewController.swift */; };
		AB39057826E61E76005B7B86 /* UIViewController+Presenter.swift in Sources */ = {isa = PBXBuildFile; fileRef = AB39057726E61E76005B7B86 /* UIViewController+Presenter.swift */; };
		AB39057A26E62B7D005B7B86 /* WorldClockCoordinator.swift in Sources */ = {isa = PBXBuildFile; fileRef = AB39057926E62B7D005B7B86 /* WorldClockCoordinator.swift */; };
		AB39057C26E637ED005B7B86 /* ChildCoordinator.swift in Sources */ = {isa = PBXBuildFile; fileRef = AB39057B26E637ED005B7B86 /* ChildCoordinator.swift */; };
		AB39058026E74BC6005B7B86 /* Coordinator.swift in Sources */ = {isa = PBXBuildFile; fileRef = AB39057F26E74BC6005B7B86 /* Coordinator.swift */; };
		AB39058226E7550F005B7B86 /* TimezoneCoordinator.swift in Sources */ = {isa = PBXBuildFile; fileRef = AB39058126E7550F005B7B86 /* TimezoneCoordinator.swift */; };
		AB40A2C025254BA000B31424 /* WorldClockTableViewController.swift in Sources */ = {isa = PBXBuildFile; fileRef = AB40A2BF25254BA000B31424 /* WorldClockTableViewController.swift */; };
		AB40A2C825254C1100B31424 /* Presenter.swift in Sources */ = {isa = PBXBuildFile; fileRef = AB40A2C725254C1100B31424 /* Presenter.swift */; };
		AB40A2CD25254C1E00B31424 /* WorldClockPresenter.swift in Sources */ = {isa = PBXBuildFile; fileRef = AB40A2CC25254C1E00B31424 /* WorldClockPresenter.swift */; };
		AB40A2D225254C2C00B31424 /* CellConfigurable.swift in Sources */ = {isa = PBXBuildFile; fileRef = AB40A2D125254C2C00B31424 /* CellConfigurable.swift */; };
		AB5C0B5F2544FCCB0024C3C8 /* StoryboardName.swift in Sources */ = {isa = PBXBuildFile; fileRef = AB5C0B5E2544FCCB0024C3C8 /* StoryboardName.swift */; };
		AB5C0B672545021F0024C3C8 /* WorldClockTableViewCell.swift in Sources */ = {isa = PBXBuildFile; fileRef = AB5C0B662545021F0024C3C8 /* WorldClockTableViewCell.swift */; };
		AB5C0B7525450A1E0024C3C8 /* UIStoryboard+instantiateInitialViewController.swift in Sources */ = {isa = PBXBuildFile; fileRef = AB5C0B7425450A1E0024C3C8 /* UIStoryboard+instantiateInitialViewController.swift */; };
		AB6E5A032709A9860075ED93 /* SwitchCell.swift in Sources */ = {isa = PBXBuildFile; fileRef = AB6E5A022709A9860075ED93 /* SwitchCell.swift */; };
		AB76AA212518CE3600F27947 /* AppDelegate.swift in Sources */ = {isa = PBXBuildFile; fileRef = AB76AA202518CE3600F27947 /* AppDelegate.swift */; };
		AB76AA232518CE3600F27947 /* SceneDelegate.swift in Sources */ = {isa = PBXBuildFile; fileRef = AB76AA222518CE3600F27947 /* SceneDelegate.swift */; };
		AB76AA2B2518CE3700F27947 /* wClocka.xcdatamodeld in Sources */ = {isa = PBXBuildFile; fileRef = AB76AA292518CE3700F27947 /* wClocka.xcdatamodeld */; };
		AB76AA2D2518CE3C00F27947 /* Assets.xcassets in Resources */ = {isa = PBXBuildFile; fileRef = AB76AA2C2518CE3C00F27947 /* Assets.xcassets */; };
		AB76AA302518CE3C00F27947 /* LaunchScreen.storyboard in Resources */ = {isa = PBXBuildFile; fileRef = AB76AA2E2518CE3C00F27947 /* LaunchScreen.storyboard */; };
		AB76AA3B2518CE3C00F27947 /* wClockaTests.swift in Sources */ = {isa = PBXBuildFile; fileRef = AB76AA3A2518CE3C00F27947 /* wClockaTests.swift */; };
		AB76AA5A2518D6D700F27947 /* WorldClock.storyboard in Resources */ = {isa = PBXBuildFile; fileRef = AB76AA592518D6D700F27947 /* WorldClock.storyboard */; };
		AB76AA5F2518D8CF00F27947 /* Reminders.storyboard in Resources */ = {isa = PBXBuildFile; fileRef = AB76AA5E2518D8CF00F27947 /* Reminders.storyboard */; };
		AB76AA64251A37B800F27947 /* ReminderDetails.storyboard in Resources */ = {isa = PBXBuildFile; fileRef = AB76AA63251A37B800F27947 /* ReminderDetails.storyboard */; };
		AB8E9C302537E26F00B25403 /* TimezoneTableViewCell.swift in Sources */ = {isa = PBXBuildFile; fileRef = AB8E9C2F2537E26F00B25403 /* TimezoneTableViewCell.swift */; };
		AB8E9C40253811D500B25403 /* TimezonePresenter.swift in Sources */ = {isa = PBXBuildFile; fileRef = AB8E9C3F253811D500B25403 /* TimezonePresenter.swift */; };
		AB976E9626EA5717001409E0 /* DatabaseManager.swift in Sources */ = {isa = PBXBuildFile; fileRef = AB976E9526EA5717001409E0 /* DatabaseManager.swift */; };
		AB976E9F26EA69CE001409E0 /* Reminder+CoreDataClass.swift in Sources */ = {isa = PBXBuildFile; fileRef = AB976E9B26EA69CE001409E0 /* Reminder+CoreDataClass.swift */; };
		AB976EA026EA69CE001409E0 /* Reminder+CoreDataProperties.swift in Sources */ = {isa = PBXBuildFile; fileRef = AB976E9C26EA69CE001409E0 /* Reminder+CoreDataProperties.swift */; };
		AB976EA126EA69CE001409E0 /* Timezone+CoreDataClass.swift in Sources */ = {isa = PBXBuildFile; fileRef = AB976E9D26EA69CE001409E0 /* Timezone+CoreDataClass.swift */; };
		AB976EA226EA69CE001409E0 /* Timezone+CoreDataProperties.swift in Sources */ = {isa = PBXBuildFile; fileRef = AB976E9E26EA69CE001409E0 /* Timezone+CoreDataProperties.swift */; };
		ABC9F21527048D4800CF5D53 /* PrimarySplitViewController.swift in Sources */ = {isa = PBXBuildFile; fileRef = ABC9F21427048D4800CF5D53 /* PrimarySplitViewController.swift */; };
		ABC9F2172704992800CF5D53 /* RemindersTableViewController.swift in Sources */ = {isa = PBXBuildFile; fileRef = ABC9F2162704992800CF5D53 /* RemindersTableViewController.swift */; };
		ABC9F2192704994400CF5D53 /* RemindersTableViewCell.swift in Sources */ = {isa = PBXBuildFile; fileRef = ABC9F2182704994400CF5D53 /* RemindersTableViewCell.swift */; };
		ABC9F21D270499CA00CF5D53 /* ReminderDetailsTableViewController.swift in Sources */ = {isa = PBXBuildFile; fileRef = ABC9F21C270499CA00CF5D53 /* ReminderDetailsTableViewController.swift */; };
		ABC9F21F270499EE00CF5D53 /* RemindersPresenter.swift in Sources */ = {isa = PBXBuildFile; fileRef = ABC9F21E270499EE00CF5D53 /* RemindersPresenter.swift */; };
		ABC9F22127049A0500CF5D53 /* ReminderDetailsPresenter.swift in Sources */ = {isa = PBXBuildFile; fileRef = ABC9F22027049A0500CF5D53 /* ReminderDetailsPresenter.swift */; };
		ABC9F22327049A4C00CF5D53 /* ReminderDetailsCoordinator.swift in Sources */ = {isa = PBXBuildFile; fileRef = ABC9F22227049A4C00CF5D53 /* ReminderDetailsCoordinator.swift */; };
		ABC9F22527049A5700CF5D53 /* RemindersCoordinator.swift in Sources */ = {isa = PBXBuildFile; fileRef = ABC9F22427049A5700CF5D53 /* RemindersCoordinator.swift */; };
		ABEFB93A2537D6E900F7B4EE /* TimezoneTableViewController.swift in Sources */ = {isa = PBXBuildFile; fileRef = ABEFB9392537D6E900F7B4EE /* TimezoneTableViewController.swift */; };
		ABEFB93F2537D77700F7B4EE /* MainCoordinator.swift in Sources */ = {isa = PBXBuildFile; fileRef = ABEFB93E2537D77700F7B4EE /* MainCoordinator.swift */; };
		ABF14A0B270621A700832160 /* SelfManagedObject.swift in Sources */ = {isa = PBXBuildFile; fileRef = ABF14A0A270621A700832160 /* SelfManagedObject.swift */; };
		ABF14A0D2706248700832160 /* GlobalTypeAliases.swift in Sources */ = {isa = PBXBuildFile; fileRef = ABF14A0C2706248700832160 /* GlobalTypeAliases.swift */; };
		ABF14A0F2707219B00832160 /* TwoLabelsCell.swift in Sources */ = {isa = PBXBuildFile; fileRef = ABF14A0E2707219A00832160 /* TwoLabelsCell.swift */; };
		ABF14A1527086C8A00832160 /* TextFieldCell.swift in Sources */ = {isa = PBXBuildFile; fileRef = ABF14A1427086C8A00832160 /* TextFieldCell.swift */; };
		ABF14A172708792100832160 /* DatePickerCell.swift in Sources */ = {isa = PBXBuildFile; fileRef = ABF14A162708792100832160 /* DatePickerCell.swift */; };
/* End PBXBuildFile section */

/* Begin PBXContainerItemProxy section */
		AB76AA372518CE3C00F27947 /* PBXContainerItemProxy */ = {
			isa = PBXContainerItemProxy;
			containerPortal = AB76AA152518CE3600F27947 /* Project object */;
			proxyType = 1;
			remoteGlobalIDString = AB76AA1C2518CE3600F27947;
			remoteInfo = "World Clock Alarm";
		};
/* End PBXContainerItemProxy section */

/* Begin PBXFileReference section */
		AB1B4FEC251D5DCD00BCFC56 /* NewTimezone.storyboard */ = {isa = PBXFileReference; lastKnownFileType = file.storyboard; path = NewTimezone.storyboard; sourceTree = "<group>"; };
		AB2F42BF251DF92F00AF660B /* BaseTableViewController.swift */ = {isa = PBXFileReference; lastKnownFileType = sourcecode.swift; path = BaseTableViewController.swift; sourceTree = "<group>"; };
		AB39057726E61E76005B7B86 /* UIViewController+Presenter.swift */ = {isa = PBXFileReference; lastKnownFileType = sourcecode.swift; path = "UIViewController+Presenter.swift"; sourceTree = "<group>"; };
		AB39057926E62B7D005B7B86 /* WorldClockCoordinator.swift */ = {isa = PBXFileReference; lastKnownFileType = sourcecode.swift; path = WorldClockCoordinator.swift; sourceTree = "<group>"; };
		AB39057B26E637ED005B7B86 /* ChildCoordinator.swift */ = {isa = PBXFileReference; lastKnownFileType = sourcecode.swift; path = ChildCoordinator.swift; sourceTree = "<group>"; };
		AB39057F26E74BC6005B7B86 /* Coordinator.swift */ = {isa = PBXFileReference; lastKnownFileType = sourcecode.swift; path = Coordinator.swift; sourceTree = "<group>"; };
		AB39058126E7550F005B7B86 /* TimezoneCoordinator.swift */ = {isa = PBXFileReference; lastKnownFileType = sourcecode.swift; path = TimezoneCoordinator.swift; sourceTree = "<group>"; };
		AB40A2BF25254BA000B31424 /* WorldClockTableViewController.swift */ = {isa = PBXFileReference; lastKnownFileType = sourcecode.swift; path = WorldClockTableViewController.swift; sourceTree = "<group>"; };
		AB40A2C725254C1100B31424 /* Presenter.swift */ = {isa = PBXFileReference; lastKnownFileType = sourcecode.swift; path = Presenter.swift; sourceTree = "<group>"; };
		AB40A2CC25254C1E00B31424 /* WorldClockPresenter.swift */ = {isa = PBXFileReference; lastKnownFileType = sourcecode.swift; path = WorldClockPresenter.swift; sourceTree = "<group>"; };
		AB40A2D125254C2C00B31424 /* CellConfigurable.swift */ = {isa = PBXFileReference; lastKnownFileType = sourcecode.swift; path = CellConfigurable.swift; sourceTree = "<group>"; };
		AB5C0B5E2544FCCB0024C3C8 /* StoryboardName.swift */ = {isa = PBXFileReference; lastKnownFileType = sourcecode.swift; path = StoryboardName.swift; sourceTree = "<group>"; };
		AB5C0B662545021F0024C3C8 /* WorldClockTableViewCell.swift */ = {isa = PBXFileReference; lastKnownFileType = sourcecode.swift; path = WorldClockTableViewCell.swift; sourceTree = "<group>"; };
		AB5C0B7425450A1E0024C3C8 /* UIStoryboard+instantiateInitialViewController.swift */ = {isa = PBXFileReference; lastKnownFileType = sourcecode.swift; name = "UIStoryboard+instantiateInitialViewController.swift"; path = "wClocka/Front-end/UIStoryboard+instantiateInitialViewController.swift"; sourceTree = SOURCE_ROOT; };
		AB6E5A022709A9860075ED93 /* SwitchCell.swift */ = {isa = PBXFileReference; lastKnownFileType = sourcecode.swift; path = SwitchCell.swift; sourceTree = "<group>"; };
		AB76AA1D2518CE3600F27947 /* wClocka.app */ = {isa = PBXFileReference; explicitFileType = wrapper.application; includeInIndex = 0; path = wClocka.app; sourceTree = BUILT_PRODUCTS_DIR; };
		AB76AA202518CE3600F27947 /* AppDelegate.swift */ = {isa = PBXFileReference; lastKnownFileType = sourcecode.swift; path = AppDelegate.swift; sourceTree = "<group>"; };
		AB76AA222518CE3600F27947 /* SceneDelegate.swift */ = {isa = PBXFileReference; lastKnownFileType = sourcecode.swift; path = SceneDelegate.swift; sourceTree = "<group>"; };
		AB76AA2A2518CE3700F27947 /* World_Clock_Alarm.xcdatamodel */ = {isa = PBXFileReference; lastKnownFileType = wrapper.xcdatamodel; path = World_Clock_Alarm.xcdatamodel; sourceTree = "<group>"; };
		AB76AA2C2518CE3C00F27947 /* Assets.xcassets */ = {isa = PBXFileReference; lastKnownFileType = folder.assetcatalog; path = Assets.xcassets; sourceTree = "<group>"; };
		AB76AA2F2518CE3C00F27947 /* Base */ = {isa = PBXFileReference; lastKnownFileType = file.storyboard; name = Base; path = Base.lproj/LaunchScreen.storyboard; sourceTree = "<group>"; };
		AB76AA312518CE3C00F27947 /* Info.plist */ = {isa = PBXFileReference; lastKnownFileType = text.plist.xml; path = Info.plist; sourceTree = "<group>"; };
		AB76AA362518CE3C00F27947 /* wClockaTests.xctest */ = {isa = PBXFileReference; explicitFileType = wrapper.cfbundle; includeInIndex = 0; path = wClockaTests.xctest; sourceTree = BUILT_PRODUCTS_DIR; };
		AB76AA3A2518CE3C00F27947 /* wClockaTests.swift */ = {isa = PBXFileReference; lastKnownFileType = sourcecode.swift; path = wClockaTests.swift; sourceTree = "<group>"; };
		AB76AA3C2518CE3C00F27947 /* Info.plist */ = {isa = PBXFileReference; lastKnownFileType = text.plist.xml; path = Info.plist; sourceTree = "<group>"; };
		AB76AA592518D6D700F27947 /* WorldClock.storyboard */ = {isa = PBXFileReference; lastKnownFileType = file.storyboard; path = WorldClock.storyboard; sourceTree = "<group>"; };
		AB76AA5E2518D8CF00F27947 /* Reminders.storyboard */ = {isa = PBXFileReference; lastKnownFileType = file.storyboard; path = Reminders.storyboard; sourceTree = "<group>"; };
		AB76AA63251A37B800F27947 /* ReminderDetails.storyboard */ = {isa = PBXFileReference; lastKnownFileType = file.storyboard; path = ReminderDetails.storyboard; sourceTree = "<group>"; };
		AB8E9C2F2537E26F00B25403 /* TimezoneTableViewCell.swift */ = {isa = PBXFileReference; lastKnownFileType = sourcecode.swift; path = TimezoneTableViewCell.swift; sourceTree = "<group>"; };
		AB8E9C3F253811D500B25403 /* TimezonePresenter.swift */ = {isa = PBXFileReference; lastKnownFileType = sourcecode.swift; path = TimezonePresenter.swift; sourceTree = "<group>"; };
		AB976E9526EA5717001409E0 /* DatabaseManager.swift */ = {isa = PBXFileReference; lastKnownFileType = sourcecode.swift; path = DatabaseManager.swift; sourceTree = "<group>"; };
		AB976E9B26EA69CE001409E0 /* Reminder+CoreDataClass.swift */ = {isa = PBXFileReference; lastKnownFileType = sourcecode.swift; name = "Reminder+CoreDataClass.swift"; path = "wClocka/Back-end/Model/Reminder+CoreDataClass.swift"; sourceTree = SOURCE_ROOT; };
		AB976E9C26EA69CE001409E0 /* Reminder+CoreDataProperties.swift */ = {isa = PBXFileReference; lastKnownFileType = sourcecode.swift; name = "Reminder+CoreDataProperties.swift"; path = "wClocka/Back-end/Model/Reminder+CoreDataProperties.swift"; sourceTree = SOURCE_ROOT; };
		AB976E9D26EA69CE001409E0 /* Timezone+CoreDataClass.swift */ = {isa = PBXFileReference; lastKnownFileType = sourcecode.swift; name = "Timezone+CoreDataClass.swift"; path = "wClocka/Back-end/Model/Timezone+CoreDataClass.swift"; sourceTree = SOURCE_ROOT; };
		AB976E9E26EA69CE001409E0 /* Timezone+CoreDataProperties.swift */ = {isa = PBXFileReference; lastKnownFileType = sourcecode.swift; name = "Timezone+CoreDataProperties.swift"; path = "wClocka/Back-end/Model/Timezone+CoreDataProperties.swift"; sourceTree = SOURCE_ROOT; };
		ABC9F21427048D4800CF5D53 /* PrimarySplitViewController.swift */ = {isa = PBXFileReference; lastKnownFileType = sourcecode.swift; path = PrimarySplitViewController.swift; sourceTree = "<group>"; };
		ABC9F2162704992800CF5D53 /* RemindersTableViewController.swift */ = {isa = PBXFileReference; lastKnownFileType = sourcecode.swift; path = RemindersTableViewController.swift; sourceTree = "<group>"; };
		ABC9F2182704994400CF5D53 /* RemindersTableViewCell.swift */ = {isa = PBXFileReference; lastKnownFileType = sourcecode.swift; path = RemindersTableViewCell.swift; sourceTree = "<group>"; };
		ABC9F21C270499CA00CF5D53 /* ReminderDetailsTableViewController.swift */ = {isa = PBXFileReference; lastKnownFileType = sourcecode.swift; path = ReminderDetailsTableViewController.swift; sourceTree = "<group>"; };
		ABC9F21E270499EE00CF5D53 /* RemindersPresenter.swift */ = {isa = PBXFileReference; lastKnownFileType = sourcecode.swift; path = RemindersPresenter.swift; sourceTree = "<group>"; };
		ABC9F22027049A0500CF5D53 /* ReminderDetailsPresenter.swift */ = {isa = PBXFileReference; lastKnownFileType = sourcecode.swift; path = ReminderDetailsPresenter.swift; sourceTree = "<group>"; };
		ABC9F22227049A4C00CF5D53 /* ReminderDetailsCoordinator.swift */ = {isa = PBXFileReference; lastKnownFileType = sourcecode.swift; path = ReminderDetailsCoordinator.swift; sourceTree = "<group>"; };
		ABC9F22427049A5700CF5D53 /* RemindersCoordinator.swift */ = {isa = PBXFileReference; lastKnownFileType = sourcecode.swift; path = RemindersCoordinator.swift; sourceTree = "<group>"; };
		ABC9F2262704A96500CF5D53 /* wClocka.entitlements */ = {isa = PBXFileReference; lastKnownFileType = text.plist.entitlements; path = wClocka.entitlements; sourceTree = "<group>"; };
		ABEFB9392537D6E900F7B4EE /* TimezoneTableViewController.swift */ = {isa = PBXFileReference; lastKnownFileType = sourcecode.swift; path = TimezoneTableViewController.swift; sourceTree = "<group>"; };
		ABEFB93E2537D77700F7B4EE /* MainCoordinator.swift */ = {isa = PBXFileReference; lastKnownFileType = sourcecode.swift; path = MainCoordinator.swift; sourceTree = "<group>"; };
		ABF14A0A270621A700832160 /* SelfManagedObject.swift */ = {isa = PBXFileReference; lastKnownFileType = sourcecode.swift; path = SelfManagedObject.swift; sourceTree = "<group>"; };
		ABF14A0C2706248700832160 /* GlobalTypeAliases.swift */ = {isa = PBXFileReference; lastKnownFileType = sourcecode.swift; path = GlobalTypeAliases.swift; sourceTree = "<group>"; };
		ABF14A0E2707219A00832160 /* TwoLabelsCell.swift */ = {isa = PBXFileReference; lastKnownFileType = sourcecode.swift; path = TwoLabelsCell.swift; sourceTree = "<group>"; };
		ABF14A1427086C8A00832160 /* TextFieldCell.swift */ = {isa = PBXFileReference; lastKnownFileType = sourcecode.swift; path = TextFieldCell.swift; sourceTree = "<group>"; };
		ABF14A162708792100832160 /* DatePickerCell.swift */ = {isa = PBXFileReference; lastKnownFileType = sourcecode.swift; path = DatePickerCell.swift; sourceTree = "<group>"; };
/* End PBXFileReference section */

/* Begin PBXFrameworksBuildPhase section */
		AB76AA1A2518CE3600F27947 /* Frameworks */ = {
			isa = PBXFrameworksBuildPhase;
			buildActionMask = 2147483647;
			files = (
			);
			runOnlyForDeploymentPostprocessing = 0;
		};
		AB76AA332518CE3C00F27947 /* Frameworks */ = {
			isa = PBXFrameworksBuildPhase;
			buildActionMask = 2147483647;
			files = (
			);
			runOnlyForDeploymentPostprocessing = 0;
		};
/* End PBXFrameworksBuildPhase section */

/* Begin PBXGroup section */
		AB2F42CD251DF96C00AF660B /* Supporting Files */ = {
			isa = PBXGroup;
			children = (
				AB76AA202518CE3600F27947 /* AppDelegate.swift */,
				AB76AA222518CE3600F27947 /* SceneDelegate.swift */,
				AB76AA312518CE3C00F27947 /* Info.plist */,
			);
			path = "Supporting Files";
			sourceTree = "<group>";
		};
		AB2F42D1251DF99500AF660B /* Front-end */ = {
			isa = PBXGroup;
			children = (
				AB40A2D125254C2C00B31424 /* CellConfigurable.swift */,
				AB5C0B5E2544FCCB0024C3C8 /* StoryboardName.swift */,
				AB2F42BF251DF92F00AF660B /* BaseTableViewController.swift */,
				ABC9F21427048D4800CF5D53 /* PrimarySplitViewController.swift */,
				AB5C0B7425450A1E0024C3C8 /* UIStoryboard+instantiateInitialViewController.swift */,
				AB2F42DA251DFA1700AF660B /* NewTimezone */,
				AB2F42DB251DFA2200AF660B /* WorldClock */,
				AB2F42DC251DFA2D00AF660B /* Reminders */,
				AB2F42DD251DFA3700AF660B /* ReminderDetails */,
				AB2F42D2251DF9AA00AF660B /* Resources */,
			);
			path = "Front-end";
			sourceTree = "<group>";
		};
		AB2F42D2251DF9AA00AF660B /* Resources */ = {
			isa = PBXGroup;
			children = (
				AB76AA2C2518CE3C00F27947 /* Assets.xcassets */,
				AB76AA2E2518CE3C00F27947 /* LaunchScreen.storyboard */,
			);
			path = Resources;
			sourceTree = "<group>";
		};
		AB2F42D6251DF9F400AF660B /* Back-end */ = {
			isa = PBXGroup;
			children = (
				ABF14A0C2706248700832160 /* GlobalTypeAliases.swift */,
				AB976E9526EA5717001409E0 /* DatabaseManager.swift */,
				ABF14A0A270621A700832160 /* SelfManagedObject.swift */,
				AB39058326E7659D005B7B86 /* Model */,
				AB5C0B5A2544FC900024C3C8 /* Coordinators */,
				AB40A2D625254C7700B31424 /* Presenter */,
			);
			path = "Back-end";
			sourceTree = "<group>";
		};
		AB2F42DA251DFA1700AF660B /* NewTimezone */ = {
			isa = PBXGroup;
			children = (
				AB8E9C2F2537E26F00B25403 /* TimezoneTableViewCell.swift */,
				ABEFB9392537D6E900F7B4EE /* TimezoneTableViewController.swift */,
				AB1B4FEC251D5DCD00BCFC56 /* NewTimezone.storyboard */,
			);
			path = NewTimezone;
			sourceTree = "<group>";
		};
		AB2F42DB251DFA2200AF660B /* WorldClock */ = {
			isa = PBXGroup;
			children = (
				AB5C0B662545021F0024C3C8 /* WorldClockTableViewCell.swift */,
				AB40A2BF25254BA000B31424 /* WorldClockTableViewController.swift */,
				AB76AA592518D6D700F27947 /* WorldClock.storyboard */,
			);
			path = WorldClock;
			sourceTree = "<group>";
		};
		AB2F42DC251DFA2D00AF660B /* Reminders */ = {
			isa = PBXGroup;
			children = (
				ABC9F2182704994400CF5D53 /* RemindersTableViewCell.swift */,
				ABC9F2162704992800CF5D53 /* RemindersTableViewController.swift */,
				AB76AA5E2518D8CF00F27947 /* Reminders.storyboard */,
			);
			path = Reminders;
			sourceTree = "<group>";
		};
		AB2F42DD251DFA3700AF660B /* ReminderDetails */ = {
			isa = PBXGroup;
			children = (
				AB6E5A022709A9860075ED93 /* SwitchCell.swift */,
				ABF14A1427086C8A00832160 /* TextFieldCell.swift */,
				ABF14A0E2707219A00832160 /* TwoLabelsCell.swift */,
				ABF14A162708792100832160 /* DatePickerCell.swift */,
				ABC9F21C270499CA00CF5D53 /* ReminderDetailsTableViewController.swift */,
				AB76AA63251A37B800F27947 /* ReminderDetails.storyboard */,
			);
			path = ReminderDetails;
			sourceTree = "<group>";
		};
		AB39058326E7659D005B7B86 /* Model */ = {
			isa = PBXGroup;
			children = (
				AB976E9B26EA69CE001409E0 /* Reminder+CoreDataClass.swift */,
				AB976E9C26EA69CE001409E0 /* Reminder+CoreDataProperties.swift */,
				AB976E9D26EA69CE001409E0 /* Timezone+CoreDataClass.swift */,
				AB976E9E26EA69CE001409E0 /* Timezone+CoreDataProperties.swift */,
				AB76AA292518CE3700F27947 /* wClocka.xcdatamodeld */,
			);
			path = Model;
			sourceTree = "<group>";
		};
		AB40A2D625254C7700B31424 /* Presenter */ = {
			isa = PBXGroup;
			children = (
				AB40A2C725254C1100B31424 /* Presenter.swift */,
				AB39057726E61E76005B7B86 /* UIViewController+Presenter.swift */,
				AB8E9C3F253811D500B25403 /* TimezonePresenter.swift */,
				AB40A2CC25254C1E00B31424 /* WorldClockPresenter.swift */,
				ABC9F21E270499EE00CF5D53 /* RemindersPresenter.swift */,
				ABC9F22027049A0500CF5D53 /* ReminderDetailsPresenter.swift */,
			);
			path = Presenter;
			sourceTree = "<group>";
		};
		AB5C0B5A2544FC900024C3C8 /* Coordinators */ = {
			isa = PBXGroup;
			children = (
				AB39057F26E74BC6005B7B86 /* Coordinator.swift */,
				AB39057B26E637ED005B7B86 /* ChildCoordinator.swift */,
				ABEFB93E2537D77700F7B4EE /* MainCoordinator.swift */,
				AB39057926E62B7D005B7B86 /* WorldClockCoordinator.swift */,
				AB39058126E7550F005B7B86 /* TimezoneCoordinator.swift */,
				ABC9F22427049A5700CF5D53 /* RemindersCoordinator.swift */,
				ABC9F22227049A4C00CF5D53 /* ReminderDetailsCoordinator.swift */,
			);
			path = Coordinators;
			sourceTree = "<group>";
		};
		AB76AA142518CE3600F27947 = {
			isa = PBXGroup;
			children = (
				AB76AA1F2518CE3600F27947 /* wClocka */,
				AB76AA392518CE3C00F27947 /* wClockaTests */,
				AB76AA1E2518CE3600F27947 /* Products */,
			);
			sourceTree = "<group>";
		};
		AB76AA1E2518CE3600F27947 /* Products */ = {
			isa = PBXGroup;
			children = (
				AB76AA1D2518CE3600F27947 /* wClocka.app */,
				AB76AA362518CE3C00F27947 /* wClockaTests.xctest */,
			);
			name = Products;
			sourceTree = "<group>";
		};
		AB76AA1F2518CE3600F27947 /* wClocka */ = {
			isa = PBXGroup;
			children = (
				ABC9F2262704A96500CF5D53 /* wClocka.entitlements */,
				AB2F42D6251DF9F400AF660B /* Back-end */,
				AB2F42D1251DF99500AF660B /* Front-end */,
				AB2F42CD251DF96C00AF660B /* Supporting Files */,
			);
			path = wClocka;
			sourceTree = "<group>";
		};
		AB76AA392518CE3C00F27947 /* wClockaTests */ = {
			isa = PBXGroup;
			children = (
				AB76AA3A2518CE3C00F27947 /* wClockaTests.swift */,
				AB76AA3C2518CE3C00F27947 /* Info.plist */,
			);
			path = wClockaTests;
			sourceTree = "<group>";
		};
/* End PBXGroup section */

/* Begin PBXNativeTarget section */
		AB76AA1C2518CE3600F27947 /* wClocka */ = {
			isa = PBXNativeTarget;
			buildConfigurationList = AB76AA4A2518CE3C00F27947 /* Build configuration list for PBXNativeTarget "wClocka" */;
			buildPhases = (
				AB76AA192518CE3600F27947 /* Sources */,
				AB76AA1A2518CE3600F27947 /* Frameworks */,
				AB76AA1B2518CE3600F27947 /* Resources */,
			);
			buildRules = (
			);
			dependencies = (
			);
			name = wClocka;
			productName = "World Clock Alarm";
			productReference = AB76AA1D2518CE3600F27947 /* wClocka.app */;
			productType = "com.apple.product-type.application";
		};
		AB76AA352518CE3C00F27947 /* wClockaTests */ = {
			isa = PBXNativeTarget;
			buildConfigurationList = AB76AA4D2518CE3C00F27947 /* Build configuration list for PBXNativeTarget "wClockaTests" */;
			buildPhases = (
				AB76AA322518CE3C00F27947 /* Sources */,
				AB76AA332518CE3C00F27947 /* Frameworks */,
				AB76AA342518CE3C00F27947 /* Resources */,
			);
			buildRules = (
			);
			dependencies = (
				AB76AA382518CE3C00F27947 /* PBXTargetDependency */,
			);
			name = wClockaTests;
			productName = "World Clock AlarmTests";
			productReference = AB76AA362518CE3C00F27947 /* wClockaTests.xctest */;
			productType = "com.apple.product-type.bundle.unit-test";
		};
/* End PBXNativeTarget section */

/* Begin PBXProject section */
		AB76AA152518CE3600F27947 /* Project object */ = {
			isa = PBXProject;
			attributes = {
				LastSwiftUpdateCheck = 1200;
				LastUpgradeCheck = 1200;
				TargetAttributes = {
					AB76AA1C2518CE3600F27947 = {
						CreatedOnToolsVersion = 12.0;
					};
					AB76AA352518CE3C00F27947 = {
						CreatedOnToolsVersion = 12.0;
						TestTargetID = AB76AA1C2518CE3600F27947;
					};
				};
			};
			buildConfigurationList = AB76AA182518CE3600F27947 /* Build configuration list for PBXProject "wClocka" */;
			compatibilityVersion = "Xcode 9.3";
			developmentRegion = en;
			hasScannedForEncodings = 0;
			knownRegions = (
				en,
				Base,
			);
			mainGroup = AB76AA142518CE3600F27947;
			productRefGroup = AB76AA1E2518CE3600F27947 /* Products */;
			projectDirPath = "";
			projectRoot = "";
			targets = (
				AB76AA1C2518CE3600F27947 /* wClocka */,
				AB76AA352518CE3C00F27947 /* wClockaTests */,
			);
		};
/* End PBXProject section */

/* Begin PBXResourcesBuildPhase section */
		AB76AA1B2518CE3600F27947 /* Resources */ = {
			isa = PBXResourcesBuildPhase;
			buildActionMask = 2147483647;
			files = (
				AB1B4FED251D5DCD00BCFC56 /* NewTimezone.storyboard in Resources */,
				AB76AA5F2518D8CF00F27947 /* Reminders.storyboard in Resources */,
				AB76AA5A2518D6D700F27947 /* WorldClock.storyboard in Resources */,
				AB76AA302518CE3C00F27947 /* LaunchScreen.storyboard in Resources */,
				AB76AA64251A37B800F27947 /* ReminderDetails.storyboard in Resources */,
				AB76AA2D2518CE3C00F27947 /* Assets.xcassets in Resources */,
			);
			runOnlyForDeploymentPostprocessing = 0;
		};
		AB76AA342518CE3C00F27947 /* Resources */ = {
			isa = PBXResourcesBuildPhase;
			buildActionMask = 2147483647;
			files = (
			);
			runOnlyForDeploymentPostprocessing = 0;
		};
/* End PBXResourcesBuildPhase section */

/* Begin PBXSourcesBuildPhase section */
		AB76AA192518CE3600F27947 /* Sources */ = {
			isa = PBXSourcesBuildPhase;
			buildActionMask = 2147483647;
			files = (
				AB40A2C825254C1100B31424 /* Presenter.swift in Sources */,
				AB40A2CD25254C1E00B31424 /* WorldClockPresenter.swift in Sources */,
				AB39057C26E637ED005B7B86 /* ChildCoordinator.swift in Sources */,
				AB40A2D225254C2C00B31424 /* CellConfigurable.swift in Sources */,
				ABC9F2172704992800CF5D53 /* RemindersTableViewController.swift in Sources */,
				ABEFB93F2537D77700F7B4EE /* MainCoordinator.swift in Sources */,
				AB39057826E61E76005B7B86 /* UIViewController+Presenter.swift in Sources */,
				ABC9F2192704994400CF5D53 /* RemindersTableViewCell.swift in Sources */,
				ABF14A0B270621A700832160 /* SelfManagedObject.swift in Sources */,
				AB8E9C302537E26F00B25403 /* TimezoneTableViewCell.swift in Sources */,
				AB5C0B672545021F0024C3C8 /* WorldClockTableViewCell.swift in Sources */,
				AB8E9C40253811D500B25403 /* TimezonePresenter.swift in Sources */,
				ABF14A0F2707219B00832160 /* TwoLabelsCell.swift in Sources */,
				AB39057A26E62B7D005B7B86 /* WorldClockCoordinator.swift in Sources */,
				ABC9F22127049A0500CF5D53 /* ReminderDetailsPresenter.swift in Sources */,
				ABC9F22527049A5700CF5D53 /* RemindersCoordinator.swift in Sources */,
				AB76AA2B2518CE3700F27947 /* wClocka.xcdatamodeld in Sources */,
				AB39058026E74BC6005B7B86 /* Coordinator.swift in Sources */,
				AB976EA126EA69CE001409E0 /* Timezone+CoreDataClass.swift in Sources */,
				AB976E9F26EA69CE001409E0 /* Reminder+CoreDataClass.swift in Sources */,
				ABF14A1527086C8A00832160 /* TextFieldCell.swift in Sources */,
				AB976EA226EA69CE001409E0 /* Timezone+CoreDataProperties.swift in Sources */,
				ABC9F22327049A4C00CF5D53 /* ReminderDetailsCoordinator.swift in Sources */,
				AB6E5A032709A9860075ED93 /* SwitchCell.swift in Sources */,
				AB2F42C0251DF92F00AF660B /* BaseTableViewController.swift in Sources */,
				AB76AA212518CE3600F27947 /* AppDelegate.swift in Sources */,
				ABF14A172708792100832160 /* DatePickerCell.swift in Sources */,
				AB976E9626EA5717001409E0 /* DatabaseManager.swift in Sources */,
				AB39058226E7550F005B7B86 /* TimezoneCoordinator.swift in Sources */,
				ABF14A0D2706248700832160 /* GlobalTypeAliases.swift in Sources */,
				ABC9F21D270499CA00CF5D53 /* ReminderDetailsTableViewController.swift in Sources */,
				ABC9F21F270499EE00CF5D53 /* RemindersPresenter.swift in Sources */,
				ABEFB93A2537D6E900F7B4EE /* TimezoneTableViewController.swift in Sources */,
				AB5C0B5F2544FCCB0024C3C8 /* StoryboardName.swift in Sources */,
				AB5C0B7525450A1E0024C3C8 /* UIStoryboard+instantiateInitialViewController.swift in Sources */,
				AB40A2C025254BA000B31424 /* WorldClockTableViewController.swift in Sources */,
				AB76AA232518CE3600F27947 /* SceneDelegate.swift in Sources */,
				ABC9F21527048D4800CF5D53 /* PrimarySplitViewController.swift in Sources */,
				AB976EA026EA69CE001409E0 /* Reminder+CoreDataProperties.swift in Sources */,
			);
			runOnlyForDeploymentPostprocessing = 0;
		};
		AB76AA322518CE3C00F27947 /* Sources */ = {
			isa = PBXSourcesBuildPhase;
			buildActionMask = 2147483647;
			files = (
				AB76AA3B2518CE3C00F27947 /* wClockaTests.swift in Sources */,
			);
			runOnlyForDeploymentPostprocessing = 0;
		};
/* End PBXSourcesBuildPhase section */

/* Begin PBXTargetDependency section */
		AB76AA382518CE3C00F27947 /* PBXTargetDependency */ = {
			isa = PBXTargetDependency;
			target = AB76AA1C2518CE3600F27947 /* wClocka */;
			targetProxy = AB76AA372518CE3C00F27947 /* PBXContainerItemProxy */;
		};
/* End PBXTargetDependency section */

/* Begin PBXVariantGroup section */
		AB76AA2E2518CE3C00F27947 /* LaunchScreen.storyboard */ = {
			isa = PBXVariantGroup;
			children = (
				AB76AA2F2518CE3C00F27947 /* Base */,
			);
			name = LaunchScreen.storyboard;
			sourceTree = "<group>";
		};
/* End PBXVariantGroup section */

/* Begin XCBuildConfiguration section */
		AB76AA482518CE3C00F27947 /* Debug */ = {
			isa = XCBuildConfiguration;
			buildSettings = {
				ALWAYS_SEARCH_USER_PATHS = NO;
				CLANG_ANALYZER_NONNULL = YES;
				CLANG_ANALYZER_NUMBER_OBJECT_CONVERSION = YES_AGGRESSIVE;
				CLANG_CXX_LANGUAGE_STANDARD = "gnu++14";
				CLANG_CXX_LIBRARY = "libc++";
				CLANG_ENABLE_MODULES = YES;
				CLANG_ENABLE_OBJC_ARC = YES;
				CLANG_ENABLE_OBJC_WEAK = YES;
				CLANG_WARN_BLOCK_CAPTURE_AUTORELEASING = YES;
				CLANG_WARN_BOOL_CONVERSION = YES;
				CLANG_WARN_COMMA = YES;
				CLANG_WARN_CONSTANT_CONVERSION = YES;
				CLANG_WARN_DEPRECATED_OBJC_IMPLEMENTATIONS = YES;
				CLANG_WARN_DIRECT_OBJC_ISA_USAGE = YES_ERROR;
				CLANG_WARN_DOCUMENTATION_COMMENTS = YES;
				CLANG_WARN_EMPTY_BODY = YES;
				CLANG_WARN_ENUM_CONVERSION = YES;
				CLANG_WARN_INFINITE_RECURSION = YES;
				CLANG_WARN_INT_CONVERSION = YES;
				CLANG_WARN_NON_LITERAL_NULL_CONVERSION = YES;
				CLANG_WARN_OBJC_IMPLICIT_RETAIN_SELF = YES;
				CLANG_WARN_OBJC_LITERAL_CONVERSION = YES;
				CLANG_WARN_OBJC_ROOT_CLASS = YES_ERROR;
				CLANG_WARN_QUOTED_INCLUDE_IN_FRAMEWORK_HEADER = YES;
				CLANG_WARN_RANGE_LOOP_ANALYSIS = YES;
				CLANG_WARN_STRICT_PROTOTYPES = YES;
				CLANG_WARN_SUSPICIOUS_MOVE = YES;
				CLANG_WARN_UNGUARDED_AVAILABILITY = YES_AGGRESSIVE;
				CLANG_WARN_UNREACHABLE_CODE = YES;
				CLANG_WARN__DUPLICATE_METHOD_MATCH = YES;
				COPY_PHASE_STRIP = NO;
				DEBUG_INFORMATION_FORMAT = dwarf;
				ENABLE_STRICT_OBJC_MSGSEND = YES;
				ENABLE_TESTABILITY = YES;
				GCC_C_LANGUAGE_STANDARD = gnu11;
				GCC_DYNAMIC_NO_PIC = NO;
				GCC_NO_COMMON_BLOCKS = YES;
				GCC_OPTIMIZATION_LEVEL = 0;
				GCC_PREPROCESSOR_DEFINITIONS = (
					"DEBUG=1",
					"$(inherited)",
				);
				GCC_WARN_64_TO_32_BIT_CONVERSION = YES;
				GCC_WARN_ABOUT_RETURN_TYPE = YES_ERROR;
				GCC_WARN_UNDECLARED_SELECTOR = YES;
				GCC_WARN_UNINITIALIZED_AUTOS = YES_AGGRESSIVE;
				GCC_WARN_UNUSED_FUNCTION = YES;
				GCC_WARN_UNUSED_VARIABLE = YES;
				IPHONEOS_DEPLOYMENT_TARGET = 14.0;
				MTL_ENABLE_DEBUG_INFO = INCLUDE_SOURCE;
				MTL_FAST_MATH = YES;
				ONLY_ACTIVE_ARCH = YES;
				OTHER_SWIFT_FLAGS = "";
				SDKROOT = iphoneos;
				SWIFT_ACTIVE_COMPILATION_CONDITIONS = DEBUG;
				SWIFT_OPTIMIZATION_LEVEL = "-Onone";
			};
			name = Debug;
		};
		AB76AA492518CE3C00F27947 /* Release */ = {
			isa = XCBuildConfiguration;
			buildSettings = {
				ALWAYS_SEARCH_USER_PATHS = NO;
				CLANG_ANALYZER_NONNULL = YES;
				CLANG_ANALYZER_NUMBER_OBJECT_CONVERSION = YES_AGGRESSIVE;
				CLANG_CXX_LANGUAGE_STANDARD = "gnu++14";
				CLANG_CXX_LIBRARY = "libc++";
				CLANG_ENABLE_MODULES = YES;
				CLANG_ENABLE_OBJC_ARC = YES;
				CLANG_ENABLE_OBJC_WEAK = YES;
				CLANG_WARN_BLOCK_CAPTURE_AUTORELEASING = YES;
				CLANG_WARN_BOOL_CONVERSION = YES;
				CLANG_WARN_COMMA = YES;
				CLANG_WARN_CONSTANT_CONVERSION = YES;
				CLANG_WARN_DEPRECATED_OBJC_IMPLEMENTATIONS = YES;
				CLANG_WARN_DIRECT_OBJC_ISA_USAGE = YES_ERROR;
				CLANG_WARN_DOCUMENTATION_COMMENTS = YES;
				CLANG_WARN_EMPTY_BODY = YES;
				CLANG_WARN_ENUM_CONVERSION = YES;
				CLANG_WARN_INFINITE_RECURSION = YES;
				CLANG_WARN_INT_CONVERSION = YES;
				CLANG_WARN_NON_LITERAL_NULL_CONVERSION = YES;
				CLANG_WARN_OBJC_IMPLICIT_RETAIN_SELF = YES;
				CLANG_WARN_OBJC_LITERAL_CONVERSION = YES;
				CLANG_WARN_OBJC_ROOT_CLASS = YES_ERROR;
				CLANG_WARN_QUOTED_INCLUDE_IN_FRAMEWORK_HEADER = YES;
				CLANG_WARN_RANGE_LOOP_ANALYSIS = YES;
				CLANG_WARN_STRICT_PROTOTYPES = YES;
				CLANG_WARN_SUSPICIOUS_MOVE = YES;
				CLANG_WARN_UNGUARDED_AVAILABILITY = YES_AGGRESSIVE;
				CLANG_WARN_UNREACHABLE_CODE = YES;
				CLANG_WARN__DUPLICATE_METHOD_MATCH = YES;
				COPY_PHASE_STRIP = NO;
				DEBUG_INFORMATION_FORMAT = "dwarf-with-dsym";
				ENABLE_NS_ASSERTIONS = NO;
				ENABLE_STRICT_OBJC_MSGSEND = YES;
				GCC_C_LANGUAGE_STANDARD = gnu11;
				GCC_NO_COMMON_BLOCKS = YES;
				GCC_WARN_64_TO_32_BIT_CONVERSION = YES;
				GCC_WARN_ABOUT_RETURN_TYPE = YES_ERROR;
				GCC_WARN_UNDECLARED_SELECTOR = YES;
				GCC_WARN_UNINITIALIZED_AUTOS = YES_AGGRESSIVE;
				GCC_WARN_UNUSED_FUNCTION = YES;
				GCC_WARN_UNUSED_VARIABLE = YES;
				IPHONEOS_DEPLOYMENT_TARGET = 14.0;
				MTL_ENABLE_DEBUG_INFO = NO;
				MTL_FAST_MATH = YES;
				SDKROOT = iphoneos;
				SWIFT_COMPILATION_MODE = wholemodule;
				SWIFT_OPTIMIZATION_LEVEL = "-O";
				VALIDATE_PRODUCT = YES;
			};
			name = Release;
		};
		AB76AA4B2518CE3C00F27947 /* Debug */ = {
			isa = XCBuildConfiguration;
			buildSettings = {
				ASSETCATALOG_COMPILER_APPICON_NAME = AppIcon;
				ASSETCATALOG_COMPILER_GLOBAL_ACCENT_COLOR_NAME = AccentColor;
				CODE_SIGN_ENTITLEMENTS = wClocka/wClocka.entitlements;
				CODE_SIGN_STYLE = Automatic;
				CURRENT_PROJECT_VERSION = 3;
				DEVELOPMENT_TEAM = A4SX3F3V9B;
				INFOPLIST_FILE = "wClocka/Supporting Files/Info.plist";
				IPHONEOS_DEPLOYMENT_TARGET = 12.0;
				LD_RUNPATH_SEARCH_PATHS = (
					"$(inherited)",
					"@executable_path/Frameworks",
				);
				MARKETING_VERSION = 0.0.3;
				OTHER_SWIFT_FLAGS = "";
				PRODUCT_BUNDLE_IDENTIFIER = com.seinmon.wclocka;
				PRODUCT_NAME = "$(TARGET_NAME)";
				SUPPORTS_MACCATALYST = NO;
				SUPPORTS_MAC_DESIGNED_FOR_IPHONE_IPAD = NO;
				SWIFT_VERSION = 5.0;
				TARGETED_DEVICE_FAMILY = "1,2";
			};
			name = Debug;
		};
		AB76AA4C2518CE3C00F27947 /* Release */ = {
			isa = XCBuildConfiguration;
			buildSettings = {
				ASSETCATALOG_COMPILER_APPICON_NAME = AppIcon;
				ASSETCATALOG_COMPILER_GLOBAL_ACCENT_COLOR_NAME = AccentColor;
				CODE_SIGN_ENTITLEMENTS = wClocka/wClocka.entitlements;
				CODE_SIGN_STYLE = Automatic;
				CURRENT_PROJECT_VERSION = 3;
				DEVELOPMENT_TEAM = A4SX3F3V9B;
				INFOPLIST_FILE = "wClocka/Supporting Files/Info.plist";
				IPHONEOS_DEPLOYMENT_TARGET = 12.0;
				LD_RUNPATH_SEARCH_PATHS = (
					"$(inherited)",
					"@executable_path/Frameworks",
				);
				MARKETING_VERSION = 0.0.3;
				OTHER_SWIFT_FLAGS = "";
				PRODUCT_BUNDLE_IDENTIFIER = com.seinmon.wclocka;
				PRODUCT_NAME = "$(TARGET_NAME)";
				SUPPORTS_MACCATALYST = NO;
				SUPPORTS_MAC_DESIGNED_FOR_IPHONE_IPAD = NO;
				SWIFT_VERSION = 5.0;
				TARGETED_DEVICE_FAMILY = "1,2";
			};
			name = Release;
		};
		AB76AA4E2518CE3C00F27947 /* Debug */ = {
			isa = XCBuildConfiguration;
			buildSettings = {
				ALWAYS_EMBED_SWIFT_STANDARD_LIBRARIES = YES;
				BUNDLE_LOADER = "$(TEST_HOST)";
				CODE_SIGN_STYLE = Automatic;
				DEVELOPMENT_TEAM = A4SX3F3V9B;
				INFOPLIST_FILE = "World Clock AlarmTests/Info.plist";
				IPHONEOS_DEPLOYMENT_TARGET = 14.0;
				LD_RUNPATH_SEARCH_PATHS = (
					"$(inherited)",
					"@executable_path/Frameworks",
					"@loader_path/Frameworks",
				);
				PRODUCT_BUNDLE_IDENTIFIER = "com.seinmon.World-Clock-AlarmTests";
				PRODUCT_NAME = "$(TARGET_NAME)";
				SWIFT_VERSION = 5.0;
				TARGETED_DEVICE_FAMILY = "1,2";
				TEST_HOST = "$(BUILT_PRODUCTS_DIR)/wClocka.app/wClocka";
			};
			name = Debug;
		};
		AB76AA4F2518CE3C00F27947 /* Release */ = {
			isa = XCBuildConfiguration;
			buildSettings = {
				ALWAYS_EMBED_SWIFT_STANDARD_LIBRARIES = YES;
				BUNDLE_LOADER = "$(TEST_HOST)";
				CODE_SIGN_STYLE = Automatic;
				DEVELOPMENT_TEAM = A4SX3F3V9B;
				INFOPLIST_FILE = "World Clock AlarmTests/Info.plist";
				IPHONEOS_DEPLOYMENT_TARGET = 14.0;
				LD_RUNPATH_SEARCH_PATHS = (
					"$(inherited)",
					"@executable_path/Frameworks",
					"@loader_path/Frameworks",
				);
				PRODUCT_BUNDLE_IDENTIFIER = "com.seinmon.World-Clock-AlarmTests";
				PRODUCT_NAME = "$(TARGET_NAME)";
				SWIFT_VERSION = 5.0;
				TARGETED_DEVICE_FAMILY = "1,2";
				TEST_HOST = "$(BUILT_PRODUCTS_DIR)/wClocka.app/wClocka";
			};
			name = Release;
		};
/* End XCBuildConfiguration section */

/* Begin XCConfigurationList section */
		AB76AA182518CE3600F27947 /* Build configuration list for PBXProject "wClocka" */ = {
			isa = XCConfigurationList;
			buildConfigurations = (
				AB76AA482518CE3C00F27947 /* Debug */,
				AB76AA492518CE3C00F27947 /* Release */,
			);
			defaultConfigurationIsVisible = 0;
			defaultConfigurationName = Release;
		};
		AB76AA4A2518CE3C00F27947 /* Build configuration list for PBXNativeTarget "wClocka" */ = {
			isa = XCConfigurationList;
			buildConfigurations = (
				AB76AA4B2518CE3C00F27947 /* Debug */,
				AB76AA4C2518CE3C00F27947 /* Release */,
			);
			defaultConfigurationIsVisible = 0;
			defaultConfigurationName = Release;
		};
		AB76AA4D2518CE3C00F27947 /* Build configuration list for PBXNativeTarget "wClockaTests" */ = {
			isa = XCConfigurationList;
			buildConfigurations = (
				AB76AA4E2518CE3C00F27947 /* Debug */,
				AB76AA4F2518CE3C00F27947 /* Release */,
			);
			defaultConfigurationIsVisible = 0;
			defaultConfigurationName = Release;
		};
/* End XCConfigurationList section */

/* Begin XCVersionGroup section */
		AB76AA292518CE3700F27947 /* wClocka.xcdatamodeld */ = {
			isa = XCVersionGroup;
			children = (
				AB76AA2A2518CE3700F27947 /* World_Clock_Alarm.xcdatamodel */,
			);
			currentVersion = AB76AA2A2518CE3700F27947 /* World_Clock_Alarm.xcdatamodel */;
			path = wClocka.xcdatamodeld;
			sourceTree = "<group>";
			versionGroupType = wrapper.xcdatamodel;
		};
/* End XCVersionGroup section */
	};
	rootObject = AB76AA152518CE3600F27947 /* Project object */;
}
